
Microsoft Visual Studio Solution File, Format Version 12.00
# Visual Studio Version 17
VisualStudioVersion = 17.14.37012.4 d17.14
MinimumVisualStudioVersion = 10.0.40219.1
Project("{FAE04EC0-301F-11D3-BF4B-00C04F79EFBC}") = "project10", "project10.csproj", "{9141531B-BBA4-41D5-9736-37681D15DA62}"
EndProject
Global
	GlobalSection(SolutionConfigurationPlatforms) = preSolution
		Debug|Any CPU = Debug|Any CPU
		Release|Any CPU = Release|Any CPU
	EndGlobalSection
	GlobalSection(ProjectConfigurationPlatforms) = postSolution
		{9141531B-BBA4-41D5-9736-37681D15DA62}.Debug|Any CPU.ActiveCfg = Debug|Any CPU
		{9141531B-BBA4-41D5-9736-37681D15DA62}.Debug|Any CPU.Build.0 = Debug|Any CPU
		{9141531B-BBA4-41D5-9736-37681D15DA62}.Release|Any CPU.ActiveCfg = Release|Any CPU
		{9141531B-BBA4-41D5-9736-37681D15DA62}.Release|Any CPU.Build.0 = Release|Any CPU
	EndGlobalSection
	GlobalSection(SolutionProperties) = preSolution
		HideSolutionNode = FALSE
	EndGlobalSection
	GlobalSection(ExtensibilityGlobals) = postSolution
		SolutionGuid = {7CEED524-7092-462B-ADE9-3F52D2C7F971}
	EndGlobalSection
EndGlobal
