
Microsoft Visual Studio Solution File, Format Version 12.00
# Visual Studio Version 17
VisualStudioVersion = 17.14.37012.4 d17.14
MinimumVisualStudioVersion = 10.0.40219.1
Project("{FAE04EC0-301F-11D3-BF4B-00C04F79EFBC}") = "task10", "task10.csproj", "{BCA7EFAF-EBA6-4D27-B775-971E9EC291EA}"
EndProject
Global
	GlobalSection(SolutionConfigurationPlatforms) = preSolution
		Debug|Any CPU = Debug|Any CPU
		Release|Any CPU = Release|Any CPU
	EndGlobalSection
	GlobalSection(ProjectConfigurationPlatforms) = postSolution
		{BCA7EFAF-EBA6-4D27-B775-971E9EC291EA}.Debug|Any CPU.ActiveCfg = Debug|Any CPU
		{BCA7EFAF-EBA6-4D27-B775-971E9EC291EA}.Debug|Any CPU.Build.0 = Debug|Any CPU
		{BCA7EFAF-EBA6-4D27-B775-971E9EC291EA}.Release|Any CPU.ActiveCfg = Release|Any CPU
		{BCA7EFAF-EBA6-4D27-B775-971E9EC291EA}.Release|Any CPU.Build.0 = Release|Any CPU
	EndGlobalSection
	GlobalSection(SolutionProperties) = preSolution
		HideSolutionNode = FALSE
	EndGlobalSection
	GlobalSection(ExtensibilityGlobals) = postSolution
		SolutionGuid = {16752BE8-BE93-40C7-AA8C-ED7AE6F5ADE7}
	EndGlobalSection
EndGlobal
