
Microsoft Visual Studio Solution File, Format Version 12.00
# Visual Studio Version 17
VisualStudioVersion = 17.14.37012.4 d17.14
MinimumVisualStudioVersion = 10.0.40219.1
Project("{FAE04EC0-301F-11D3-BF4B-00C04F79EFBC}") = "project3", "project3.csproj", "{167A673F-65C3-4D5F-A9B5-8F728C405B7D}"
EndProject
Global
	GlobalSection(SolutionConfigurationPlatforms) = preSolution
		Debug|Any CPU = Debug|Any CPU
		Release|Any CPU = Release|Any CPU
	EndGlobalSection
	GlobalSection(ProjectConfigurationPlatforms) = postSolution
		{167A673F-65C3-4D5F-A9B5-8F728C405B7D}.Debug|Any CPU.ActiveCfg = Debug|Any CPU
		{167A673F-65C3-4D5F-A9B5-8F728C405B7D}.Debug|Any CPU.Build.0 = Debug|Any CPU
		{167A673F-65C3-4D5F-A9B5-8F728C405B7D}.Release|Any CPU.ActiveCfg = Release|Any CPU
		{167A673F-65C3-4D5F-A9B5-8F728C405B7D}.Release|Any CPU.Build.0 = Release|Any CPU
	EndGlobalSection
	GlobalSection(SolutionProperties) = preSolution
		HideSolutionNode = FALSE
	EndGlobalSection
	GlobalSection(ExtensibilityGlobals) = postSolution
		SolutionGuid = {A78DF014-CA42-4027-A6B1-7C33A4782621}
	EndGlobalSection
EndGlobal
