
Microsoft Visual Studio Solution File, Format Version 12.00
# Visual Studio Version 17
VisualStudioVersion = 17.14.37012.4 d17.14
MinimumVisualStudioVersion = 10.0.40219.1
Project("{FAE04EC0-301F-11D3-BF4B-00C04F79EFBC}") = "project5", "project5.csproj", "{ECDC34CC-6A5E-46C0-8A7E-E4521ED82C51}"
EndProject
Global
	GlobalSection(SolutionConfigurationPlatforms) = preSolution
		Debug|Any CPU = Debug|Any CPU
		Release|Any CPU = Release|Any CPU
	EndGlobalSection
	GlobalSection(ProjectConfigurationPlatforms) = postSolution
		{ECDC34CC-6A5E-46C0-8A7E-E4521ED82C51}.Debug|Any CPU.ActiveCfg = Debug|Any CPU
		{ECDC34CC-6A5E-46C0-8A7E-E4521ED82C51}.Debug|Any CPU.Build.0 = Debug|Any CPU
		{ECDC34CC-6A5E-46C0-8A7E-E4521ED82C51}.Release|Any CPU.ActiveCfg = Release|Any CPU
		{ECDC34CC-6A5E-46C0-8A7E-E4521ED82C51}.Release|Any CPU.Build.0 = Release|Any CPU
	EndGlobalSection
	GlobalSection(SolutionProperties) = preSolution
		HideSolutionNode = FALSE
	EndGlobalSection
	GlobalSection(ExtensibilityGlobals) = postSolution
		SolutionGuid = {AE227C1A-DFB0-4CAA-9D03-0FBC5824CB8C}
	EndGlobalSection
EndGlobal
