
Microsoft Visual Studio Solution File, Format Version 12.00
# Visual Studio Version 17
VisualStudioVersion = 17.14.37012.4 d17.14
MinimumVisualStudioVersion = 10.0.40219.1
Project("{FAE04EC0-301F-11D3-BF4B-00C04F79EFBC}") = "model2", "model2.csproj", "{BBC5EA63-B0E6-42BF-9399-32F9A20D731E}"
EndProject
Global
	GlobalSection(SolutionConfigurationPlatforms) = preSolution
		Debug|Any CPU = Debug|Any CPU
		Release|Any CPU = Release|Any CPU
	EndGlobalSection
	GlobalSection(ProjectConfigurationPlatforms) = postSolution
		{BBC5EA63-B0E6-42BF-9399-32F9A20D731E}.Debug|Any CPU.ActiveCfg = Debug|Any CPU
		{BBC5EA63-B0E6-42BF-9399-32F9A20D731E}.Debug|Any CPU.Build.0 = Debug|Any CPU
		{BBC5EA63-B0E6-42BF-9399-32F9A20D731E}.Release|Any CPU.ActiveCfg = Release|Any CPU
		{BBC5EA63-B0E6-42BF-9399-32F9A20D731E}.Release|Any CPU.Build.0 = Release|Any CPU
	EndGlobalSection
	GlobalSection(SolutionProperties) = preSolution
		HideSolutionNode = FALSE
	EndGlobalSection
	GlobalSection(ExtensibilityGlobals) = postSolution
		SolutionGuid = {F239CE9B-D0D8-4800-8B74-1E425EE9E448}
	EndGlobalSection
EndGlobal
