
Microsoft Visual Studio Solution File, Format Version 12.00
# Visual Studio Version 17
VisualStudioVersion = 17.14.37012.4 d17.14
MinimumVisualStudioVersion = 10.0.40219.1
Project("{FAE04EC0-301F-11D3-BF4B-00C04F79EFBC}") = "model4", "model4.csproj", "{31F64BA6-3B3A-45A2-A8D3-538E1B22C3E2}"
EndProject
Global
	GlobalSection(SolutionConfigurationPlatforms) = preSolution
		Debug|Any CPU = Debug|Any CPU
		Release|Any CPU = Release|Any CPU
	EndGlobalSection
	GlobalSection(ProjectConfigurationPlatforms) = postSolution
		{31F64BA6-3B3A-45A2-A8D3-538E1B22C3E2}.Debug|Any CPU.ActiveCfg = Debug|Any CPU
		{31F64BA6-3B3A-45A2-A8D3-538E1B22C3E2}.Debug|Any CPU.Build.0 = Debug|Any CPU
		{31F64BA6-3B3A-45A2-A8D3-538E1B22C3E2}.Release|Any CPU.ActiveCfg = Release|Any CPU
		{31F64BA6-3B3A-45A2-A8D3-538E1B22C3E2}.Release|Any CPU.Build.0 = Release|Any CPU
	EndGlobalSection
	GlobalSection(SolutionProperties) = preSolution
		HideSolutionNode = FALSE
	EndGlobalSection
	GlobalSection(ExtensibilityGlobals) = postSolution
		SolutionGuid = {2E89B940-3749-48A8-B244-1682CB33DFCF}
	EndGlobalSection
EndGlobal
