
Microsoft Visual Studio Solution File, Format Version 12.00
# Visual Studio Version 17
VisualStudioVersion = 17.14.37012.4 d17.14
MinimumVisualStudioVersion = 10.0.40219.1
Project("{FAE04EC0-301F-11D3-BF4B-00C04F79EFBC}") = "project8", "project8.csproj", "{FD8882CC-AB1F-4781-B1BA-371D1E31B756}"
EndProject
Global
	GlobalSection(SolutionConfigurationPlatforms) = preSolution
		Debug|Any CPU = Debug|Any CPU
		Release|Any CPU = Release|Any CPU
	EndGlobalSection
	GlobalSection(ProjectConfigurationPlatforms) = postSolution
		{FD8882CC-AB1F-4781-B1BA-371D1E31B756}.Debug|Any CPU.ActiveCfg = Debug|Any CPU
		{FD8882CC-AB1F-4781-B1BA-371D1E31B756}.Debug|Any CPU.Build.0 = Debug|Any CPU
		{FD8882CC-AB1F-4781-B1BA-371D1E31B756}.Release|Any CPU.ActiveCfg = Release|Any CPU
		{FD8882CC-AB1F-4781-B1BA-371D1E31B756}.Release|Any CPU.Build.0 = Release|Any CPU
	EndGlobalSection
	GlobalSection(SolutionProperties) = preSolution
		HideSolutionNode = FALSE
	EndGlobalSection
	GlobalSection(ExtensibilityGlobals) = postSolution
		SolutionGuid = {A5ED1BAB-7C3C-4618-8F3F-7017C08A7606}
	EndGlobalSection
EndGlobal
